Microsoft Visual Studio Solution File, Format Version 10.00
# Visual Studio 2008
Project("{FAE04EC0-301F-11D3-BF4B-00C04F79EFBC}") = "KolikSoftware.Eee.Client", "KolikSoftware.Eee.Client\KolikSoftware.Eee.Client.csproj", "{A77A7BD9-BA44-4EF2-B1DA-CDCAE322BF2C}"
EndProject
Project("{FAE04EC0-301F-11D3-BF4B-00C04F79EFBC}") = "KolikSoftware.Eee.Service", "KolikSoftware.Eee.Service\KolikSoftware.Eee.Service.csproj", "{F41504E2-DCA4-4559-A84E-C393CB951C83}"
EndProject
Project("{54435603-DBB4-11D2-8724-00A0C9A8B90C}") = "KolikSoftware.Eee.Setup", "KolikSoftware.Eee.Setup\KolikSoftware.Eee.Setup.vdproj", "{AB2E9C55-69F7-4616-92DB-6C88D1BA6405}"
EndProject
Project("{FAE04EC0-301F-11D3-BF4B-00C04F79EFBC}") = "KolikSoftware.Controls.Options", "KolikSoftware.Controls.Options\KolikSoftware.Controls.Options.csproj", "{AB62C790-6DF8-4DB3-9F3A-072D76D0E1A7}"
EndProject
Project("{2150E333-8FDC-42A3-9474-1A3956D46DE8}") = "Server", "Server", "{B612E285-A9C9-48C9-84E1-535698FC8E8C}"
EndProject
Project("{2150E333-8FDC-42A3-9474-1A3956D46DE8}") = "Json", "Json", "{D34250B0-C07B-4BA8-8FD7-BB8972A206B6}"
	ProjectSection(SolutionItems) = preProject
		Server\JsonBind\autologoff.php = Server\JsonBind\autologoff.php
		Server\JsonBind\Common.php = Server\JsonBind\Common.php
		Server\JsonBind\getupdates.php = Server\JsonBind\getupdates.php
		Server\JsonBind\getuser.php = Server\JsonBind\getuser.php
		Server\JsonBind\Post.php = Server\JsonBind\Post.php
		Server\JsonBind\register.php = Server\JsonBind\register.php
		Server\JsonBind\Rooms.php = Server\JsonBind\Rooms.php
		Server\JsonBind\test.php = Server\JsonBind\test.php
		Server\JsonBind\upload.php = Server\JsonBind\upload.php
		Server\JsonBind\userfeedback.php = Server\JsonBind\userfeedback.php
		Server\JsonBind\Users.php = Server\JsonBind\Users.php
		Server\JsonBind\UserState.php = Server\JsonBind\UserState.php
	EndProjectSection
EndProject
Project("{FAE04EC0-301F-11D3-BF4B-00C04F79EFBC}") = "KolikSoftware.Eee.OutlookService", "KolikSoftware.Eee.OutlookService\KolikSoftware.Eee.OutlookService.csproj", "{B2124DCD-A000-4803-9CFE-6A089A0EC7EB}"
EndProject
Global
	GlobalSection(SolutionConfigurationPlatforms) = preSolution
		Debug|Any CPU = Debug|Any CPU
		Release|Any CPU = Release|Any CPU
	EndGlobalSection
	GlobalSection(ProjectConfigurationPlatforms) = postSolution
		{A77A7BD9-BA44-4EF2-B1DA-CDCAE322BF2C}.Debug|Any CPU.ActiveCfg = Debug|Any CPU
		{A77A7BD9-BA44-4EF2-B1DA-CDCAE322BF2C}.Debug|Any CPU.Build.0 = Debug|Any CPU
		{A77A7BD9-BA44-4EF2-B1DA-CDCAE322BF2C}.Release|Any CPU.ActiveCfg = Release|Any CPU
		{A77A7BD9-BA44-4EF2-B1DA-CDCAE322BF2C}.Release|Any CPU.Build.0 = Release|Any CPU
		{F41504E2-DCA4-4559-A84E-C393CB951C83}.Debug|Any CPU.ActiveCfg = Debug|Any CPU
		{F41504E2-DCA4-4559-A84E-C393CB951C83}.Debug|Any CPU.Build.0 = Debug|Any CPU
		{F41504E2-DCA4-4559-A84E-C393CB951C83}.Release|Any CPU.ActiveCfg = Release|Any CPU
		{F41504E2-DCA4-4559-A84E-C393CB951C83}.Release|Any CPU.Build.0 = Release|Any CPU
		{AB2E9C55-69F7-4616-92DB-6C88D1BA6405}.Debug|Any CPU.ActiveCfg = Debug
		{AB2E9C55-69F7-4616-92DB-6C88D1BA6405}.Release|Any CPU.ActiveCfg = Release
		{AB62C790-6DF8-4DB3-9F3A-072D76D0E1A7}.Debug|Any CPU.ActiveCfg = Debug|Any CPU
		{AB62C790-6DF8-4DB3-9F3A-072D76D0E1A7}.Debug|Any CPU.Build.0 = Debug|Any CPU
		{AB62C790-6DF8-4DB3-9F3A-072D76D0E1A7}.Release|Any CPU.ActiveCfg = Release|Any CPU
		{AB62C790-6DF8-4DB3-9F3A-072D76D0E1A7}.Release|Any CPU.Build.0 = Release|Any CPU
		{B2124DCD-A000-4803-9CFE-6A089A0EC7EB}.Debug|Any CPU.ActiveCfg = Debug|Any CPU
		{B2124DCD-A000-4803-9CFE-6A089A0EC7EB}.Debug|Any CPU.Build.0 = Debug|Any CPU
		{B2124DCD-A000-4803-9CFE-6A089A0EC7EB}.Release|Any CPU.ActiveCfg = Release|Any CPU
		{B2124DCD-A000-4803-9CFE-6A089A0EC7EB}.Release|Any CPU.Build.0 = Release|Any CPU
	EndGlobalSection
	GlobalSection(SolutionProperties) = preSolution
		HideSolutionNode = FALSE
	EndGlobalSection
	GlobalSection(NestedProjects) = preSolution
		{D34250B0-C07B-4BA8-8FD7-BB8972A206B6} = {B612E285-A9C9-48C9-84E1-535698FC8E8C}
	EndGlobalSection
EndGlobal
